{
  "name": "@idecentralize/erclib",
  "version": "1.0.2",
  "lockfileVersion": 2,
  "requires": true,
  "packages": {
    "": {
      "name": "@idecentralize/erclib",
      "version": "1.0.0",
      "license": "GPL-3.0",
      "dependencies": {
        "@idecentralize/erclib": "^1.0.0"
      }
    },
    "node_modules/@idecentralize/erclib": {
      "version": "1.0.0",
      "resolved": "https://registry.npmjs.org/@idecentralize/erclib/-/erclib-1.0.0.tgz",
      "integrity": "sha512-HCZodPLevRV5L8m2s1VXkmH6TQWTujhykcmrTs6XQyXen394QMDKaZP31DZW48SVUoyWGlYE271Va9+5Y/EQKw=="
    }
  },
  "dependencies": {
    "@idecentralize/erclib": {
      "version": "1.0.0",
      "resolved": "https://registry.npmjs.org/@idecentralize/erclib/-/erclib-1.0.0.tgz",
      "integrity": "sha512-HCZodPLevRV5L8m2s1VXkmH6TQWTujhykcmrTs6XQyXen394QMDKaZP31DZW48SVUoyWGlYE271Va9+5Y/EQKw=="
    }
  }
}
